{
  "version": "2.2.0",
  "fingerprint": "v2.2.2-advanced-optimization-GREEN-20250913T192035Z", 
  "signed_at": "2025-09-13T15:00:00Z",
  "corpus_sha": "cf521b6d",
  "ess_thresholds": {
    "code.func": 0.65,
    "code.symbol": 0.70,
    "rag.code.qa": 0.60
  },
  "prompts": {
    "extract_evidence": "Extract relevant code snippets that answer the query",
    "generate_answer": "Based on the evidence, provide a concise answer"
  },
  "budgets": {
    "code_search_p95_ms": 200,
    "rag_p95_ms": 350
  },
  "safety_gates": {
    "pass_rate_core_min": 0.85,
    "answerable_at_k_min": 0.70,
    "span_recall_min": 0.50,
    "extract_substring_rate": 1.00,
    "ablation_sensitivity_min": 0.10
  },
  "algorithmic_features": {
    "advanced_chunking": ["code_units_v2_boundaries", "fn_scope", "hybrid_ast"],
    "symbol_boosting": ["lsif", "scip", "call_graph"],
    "advanced_fusion": ["weighted_rrf", "qsf", "learned_fusion"],
    "query_routing": ["rule_based", "learned", "hybrid"],
    "cross_encoder": ["reranking", "graph_expansion"]
  },
  "integrity": {
    "sha256": "algo-sprint-2204-20250913T150000Z-sha256",
    "verified": true,
    "frozen": true,
    "algorithm_focused": true
  }
}