{
  "version": "2.2.1",
  "fingerprint": "latency-sprint-20250913T163000Z", 
  "signed_at": "2025-09-13T16:30:00Z",
  "corpus_sha": "cf521b6d",
  "parent_manifest": "current.lock",
  "sprint_type": "latency-remediation",
  "note": "P95 regression remediation sprint - eliminate latency issues while preserving ≥98% quality",
  "ess_thresholds": {
    "code.func": 0.65,
    "code.symbol": 0.70,
    "rag.code.qa": 0.60
  },
  "prompts": {
    "extract_evidence": "Extract relevant code snippets that answer the query",
    "generate_answer": "Based on the evidence, provide a concise answer"
  },
  "budgets": {
    "code_search_p95_ms": 200,
    "rag_p95_ms": 350,
    "target_p95_reduction_pct": 10,
    "quality_preservation_pct": 98
  },
  "safety_gates": {
    "pass_rate_core_min": 0.85,
    "answerable_at_k_min": 0.70,
    "span_recall_min": 0.50,
    "extract_substring_rate": 1.00,
    "ablation_sensitivity_min": 0.10,
    "p95_improvement_pct_min": 10.0,
    "quality_preservation_pct_min": 98.0
  },
  "optimization_targets": {
    "primary": "P95 latency reduction ≥10%",
    "secondary": "Quality preservation ≥98%", 
    "constraint": "Statistical significance with SPRT α=β=0.05, δ=0.03"
  },
  "algorithmic_features": {
    "chunking_optimizations": ["reduced_ast_parsing", "cached_boundaries", "fixed_overlap"],
    "symbol_optimizations": ["hop_limits", "pruned_graphs", "lazy_expansion"],
    "fusion_optimizations": ["lightweight_rrf", "score_caching", "early_termination"],
    "routing_optimizations": ["rule_based_fast_path", "cached_classifications"],
    "reranker_optimizations": ["batch_size_tuning", "candidate_pruning", "ce_tiny"]
  },
  "integrity": {
    "sha256": "latency-sprint-2210-20250913T163000Z-sha256",
    "verified": true,
    "frozen": true,
    "latency_focused": true,
    "source_manifest": "algo-sprint-2204-20250913T150000Z-sha256"
  }
}